lockVersion: 2.0.0
id: 24fc7546-e445-46cb-91d2-49cbb44a86ac
management:
  docChecksum: 41c0262ad846794c25bcac117519320e
  docVersion: "2018-02-08"
  speakeasyVersion: 1.314.2
  generationVersion: 2.349.6
  releaseVersion: 5.0.0-beta.2
  configChecksum: 9842347bd30bb5b594a1ae4010a10d0d
  repoURL: https://github.com/goshippo/shippo-csharp-sdk.git
  published: true
features:
  csharp:
    additionalDependencies: 0.1.0
    constsAndDefaults: 0.0.1
    core: 3.9.8
    flattening: 2.81.2
    globalSecurity: 2.83.4
    globalSecurityCallbacks: 0.1.0
    globalSecurityFlattening: 0.1.0
    globalServerURLs: 2.82.3
    globals: 2.82.1
    includes: 2.81.1
    intellisenseMarkdownSupport: 0.1.0
    nameOverrides: 2.81.2
    nullables: 0.1.0
    responseFormat: 0.0.4
    sdkHooks: 0.1.0
    unions: 0.1.0
generatedFiles:
  - Shippo/Addresses.cs
  - Shippo/Batches.cs
  - Shippo/CarrierAccounts.cs
  - Shippo/CustomsDeclarations.cs
  - Shippo/CustomsItems.cs
  - Shippo/RatesAtCheckout.cs
  - Shippo/Manifests.cs
  - Shippo/Orders.cs
  - Shippo/CarrierParcelTemplates.cs
  - Shippo/Parcels.cs
  - Shippo/Pickups.cs
  - Shippo/Rates.cs
  - Shippo/Refunds.cs
  - Shippo/ServiceGroups.cs
  - Shippo/Shipments.cs
  - Shippo/TrackingStatus.cs
  - Shippo/Transactions.cs
  - Shippo/UserParcelTemplates.cs
  - Shippo/ShippoAccounts.cs
  - Shippo/Webhooks.cs
  - Shippo/ShippoSDK.cs
  - global.json
  - Shippo/Utils/AnyDeserializer.cs
  - Shippo/Utils/BigIntStrConverter.cs
  - Shippo/Utils/DecimalStrConverter.cs
  - Shippo/Utils/EnumConverter.cs
  - Shippo/Utils/FlexibleObjectDeserializer.cs
  - Shippo/Utils/HeaderSerializer.cs
  - Shippo/Utils/IsoDateTimeSerializer.cs
  - Shippo/Utils/RequestBodySerializer.cs
  - Shippo/Utils/ResponseBodyDeserializer.cs
  - Shippo/Utils/Retries/BackoffStrategy.cs
  - Shippo/Utils/Retries/Retries.cs
  - Shippo/Utils/Retries/RetryConfig.cs
  - Shippo/Utils/SecurityMetadata.cs
  - Shippo/Utils/SpeakeasyHttpClient.cs
  - Shippo/Utils/SpeakeasyMetadata.cs
  - Shippo/Utils/URLBuilder.cs
  - Shippo/Utils/Utilities.cs
  - Shippo/Shippo.csproj
  - Shippo/Models/Errors/SDKException.cs
  - Shippo/Models/Components/AddressPaginatedList.cs
  - Shippo/Models/Components/Latitude.cs
  - Shippo/Models/Components/Longitude.cs
  - Shippo/Models/Components/Address.cs
  - Shippo/Models/Components/AddressValidationResults.cs
  - Shippo/Models/Components/AddressValidationResultsMessage.cs
  - Shippo/Models/Components/AddressCreateRequest.cs
  - Shippo/Models/Components/ObjectResults.cs
  - Shippo/Models/Components/BatchStatus.cs
  - Shippo/Models/Components/Batch.cs
  - Shippo/Models/Components/BatchShipmentPaginatedList.cs
  - Shippo/Models/Components/Status.cs
  - Shippo/Models/Components/BatchShipment.cs
  - Shippo/Models/Components/LabelFileTypeEnum.cs
  - Shippo/Models/Components/BatchCreateRequest.cs
  - Shippo/Models/Components/BatchShipmentCreateRequest.cs
  - Shippo/Models/Components/AddressFrom.cs
  - Shippo/Models/Components/AddressReturn.cs
  - Shippo/Models/Components/AddressTo.cs
  - Shippo/Models/Components/ShipmentCreateRequestCustomsDeclaration.cs
  - Shippo/Models/Components/Parcels.cs
  - Shippo/Models/Components/ShipmentCreateRequest.cs
  - Shippo/Models/Components/ParcelCreateRequest.cs
  - Shippo/Models/Components/DistanceUnitEnum.cs
  - Shippo/Models/Components/WeightUnitEnum.cs
  - Shippo/Models/Components/ParcelExtra.cs
  - Shippo/Models/Components/ParcelInsuranceProvider.cs
  - Shippo/Models/Components/ParcelInsurance.cs
  - Shippo/Models/Components/PaymentMethod.cs
  - Shippo/Models/Components/Cod.cs
  - Shippo/Models/Components/ParcelCreateFromTemplateRequest.cs
  - Shippo/Models/Components/AramexAustraliaParcelTemplate.cs
  - Shippo/Models/Components/CouriersPleaseParcelTemplate.cs
  - Shippo/Models/Components/DPDUKParcelTemplate.cs
  - Shippo/Models/Components/DHLECommerceParcelTemplate.cs
  - Shippo/Models/Components/USPSParcelTemplate.cs
  - Shippo/Models/Components/UPSParcelTemplate.cs
  - Shippo/Models/Components/FedExParcelTemplate.cs
  - Shippo/Models/Components/ParcelTemplateEnumSet.cs
  - Shippo/Models/Components/CustomsDeclarationCreateRequest.cs
  - Shippo/Models/Components/CustomsDeclarationNonDeliveryOptionEnum.cs
  - Shippo/Models/Components/CustomsItemCreateRequest.cs
  - Shippo/Models/Components/CustomsDeclarationIncotermEnum.cs
  - Shippo/Models/Components/CustomsDeclarationEelPfcEnum.cs
  - Shippo/Models/Components/CustomsDeclarationContentsTypeEnum.cs
  - Shippo/Models/Components/AddressImporter.cs
  - Shippo/Models/Components/CustomsExporterIdentification.cs
  - Shippo/Models/Components/CustomsTaxIdentificationType.cs
  - Shippo/Models/Components/CustomsTaxIdentification.cs
  - Shippo/Models/Components/CustomsDeclarationB13AFilingOptionEnum.cs
  - Shippo/Models/Components/AncillaryEndorsement.cs
  - Shippo/Models/Components/DangerousGoodsCode.cs
  - Shippo/Models/Components/PreferredDeliveryTimeframe.cs
  - Shippo/Models/Components/ReturnServiceType.cs
  - Shippo/Models/Components/SignatureConfirmation.cs
  - Shippo/Models/Components/ShipmentExtra.cs
  - Shippo/Models/Components/UPSReferenceFields.cs
  - Shippo/Models/Components/RmaNumber.cs
  - Shippo/Models/Components/ShipmentExtraReturnServiceTypeUPSEnum.cs
  - Shippo/Models/Components/ShipmentExtraReturnServiceTypeLasershipEnum.cs
  - Shippo/Models/Components/PoNumber.cs
  - Shippo/Models/Components/ShipmentExtraLasershipAttributesEnum.cs
  - Shippo/Models/Components/InvoiceNumber.cs
  - Shippo/Models/Components/Provider.cs
  - Shippo/Models/Components/Insurance.cs
  - Shippo/Models/Components/DryIce.cs
  - Shippo/Models/Components/DepartmentNumber.cs
  - Shippo/Models/Components/DangerousGoodsObject.cs
  - Shippo/Models/Components/DangerousGoodsLithiumBatteries.cs
  - Shippo/Models/Components/DangerousGoodsBiologicalMaterial.cs
  - Shippo/Models/Components/CustomerReference.cs
  - Shippo/Models/Components/Type.cs
  - Shippo/Models/Components/Billing.cs
  - Shippo/Models/Components/RecipientType.cs
  - Shippo/Models/Components/Alcohol.cs
  - Shippo/Models/Components/CarrierAccountPaginatedList.cs
  - Shippo/Models/Components/Parameters.cs
  - Shippo/Models/Components/CarrierAccountWithExtraInfoType.cs
  - Shippo/Models/Components/CarrierAccountWithExtraInfoStatus.cs
  - Shippo/Models/Components/Authentication.cs
  - Shippo/Models/Components/ObjectInfo.cs
  - Shippo/Models/Components/CarrierAccountWithExtraInfo.cs
  - Shippo/Models/Components/CarrierAccountServiceLevel.cs
  - Shippo/Models/Components/FedExConnectExistingOwnAccountParameters.cs
  - Shippo/Models/Components/UPSConnectExistingOwnAccountParameters.cs
  - Shippo/Models/Components/CarriersEnum.cs
  - Shippo/Models/Components/CarrierAccountParameters.cs
  - Shippo/Models/Components/CarrierAccount.cs
  - Shippo/Models/Components/ConnectExistingOwnAccountRequestParameters.cs
  - Shippo/Models/Components/ConnectExistingOwnAccountRequest.cs
  - Shippo/Models/Components/CarrierAccountBaseParameters.cs
  - Shippo/Models/Components/CarrierAccountBase.cs
  - Shippo/Models/Components/CarrierAccountCanadaPostCreateRequest.cs
  - Shippo/Models/Components/CarrierAccountCanadaPostCreateParameters.cs
  - Shippo/Models/Components/CarrierAccountChronopostCreateRequestParameters.cs
  - Shippo/Models/Components/CarrierAccountChronopostCreateRequest.cs
  - Shippo/Models/Components/CarrierAccountColissimoCreateRequestParameters.cs
  - Shippo/Models/Components/CarrierAccountColissimoCreateRequest.cs
  - Shippo/Models/Components/CarrierAccountCorreosCreateRequestParameters.cs
  - Shippo/Models/Components/CarrierAccountCorreosCreateRequest.cs
  - Shippo/Models/Components/CarrierAccountDeutschePostCreateRequestParameters.cs
  - Shippo/Models/Components/CarrierAccountDeutschePostCreateRequest.cs
  - Shippo/Models/Components/CarrierAccountDHLExpressCreateRequest.cs
  - Shippo/Models/Components/CarrierAccountDHLExpressCreateRequestParameters.cs
  - Shippo/Models/Components/CarrierAccountDpdDeCreateRequestParameters.cs
  - Shippo/Models/Components/CarrierAccountDpdDeCreateRequest.cs
  - Shippo/Models/Components/CarrierAccountDPDUKCreateRequestParameters.cs
  - Shippo/Models/Components/CarrierAccountDPDUKCreateRequest.cs
  - Shippo/Models/Components/CarrierAccountFedExCreateRequestParameters.cs
  - Shippo/Models/Components/CarrierAccountFedExCreateRequest.cs
  - Shippo/Models/Components/CarrierAccountHermesUKCreateRequestParameters.cs
  - Shippo/Models/Components/CarrierAccountHermesUKCreateRequest.cs
  - Shippo/Models/Components/CarrierAccountMondialRelayCreateRequestParameters.cs
  - Shippo/Models/Components/CarrierAccountMondialRelayCreateRequest.cs
  - Shippo/Models/Components/CarrierAccountPosteItalianeCreateRequestParameters.cs
  - Shippo/Models/Components/CarrierAccountPosteItalianeCreateRequest.cs
  - Shippo/Models/Components/CarrierAccountUPSCreateRequest.cs
  - Shippo/Models/Components/CarrierAccountUPSCreateRequestParameters.cs
  - Shippo/Models/Components/CarrierAccountUSPSCreateRequestParameters.cs
  - Shippo/Models/Components/CarrierAccountUSPSCreateRequest.cs
  - Shippo/Models/Components/CarrierAccountRegistrationStatus.cs
  - Shippo/Models/Components/CustomsDeclarationPaginatedList.cs
  - Shippo/Models/Components/CustomsDeclaration.cs
  - Shippo/Models/Components/ObjectStateEnum.cs
  - Shippo/Models/Components/CustomsInvoicedCharges.cs
  - Shippo/Models/Components/CustomsItemPaginatedList.cs
  - Shippo/Models/Components/CustomsItem.cs
  - Shippo/Models/Components/LiveRatePaginatedList.cs
  - Shippo/Models/Components/LiveRate.cs
  - Shippo/Models/Components/LiveRateCreateRequestAddressFrom.cs
  - Shippo/Models/Components/LiveRateCreateRequestAddressTo.cs
  - Shippo/Models/Components/LiveRateCreateRequestParcel.cs
  - Shippo/Models/Components/LiveRateCreateRequest.cs
  - Shippo/Models/Components/ObjectState.cs
  - Shippo/Models/Components/Parcel.cs
  - Shippo/Models/Components/LineItem.cs
  - Shippo/Models/Components/AddressCompleteCreateRequest.cs
  - Shippo/Models/Components/DefaultParcelTemplate.cs
  - Shippo/Models/Components/UserParcelTemplate.cs
  - Shippo/Models/Components/CarrierParcelTemplate.cs
  - Shippo/Models/Components/DefaultParcelTemplateUpdateRequest.cs
  - Shippo/Models/Components/ManifestPaginatedList.cs
  - Shippo/Models/Components/ManifestStatus.cs
  - Shippo/Models/Components/Manifest.cs
  - Shippo/Models/Components/ManifestCreateRequestAddressFrom.cs
  - Shippo/Models/Components/ManifestCreateRequest.cs
  - Shippo/Models/Components/OrderPaginatedList.cs
  - Shippo/Models/Components/ShopApp.cs
  - Shippo/Models/Components/Order.cs
  - Shippo/Models/Components/OrderStatusEnum.cs
  - Shippo/Models/Components/OrderCreateRequest.cs
  - Shippo/Models/Components/LineItemBase.cs
  - Shippo/Models/Components/CarrierParcelTemplateList.cs
  - Shippo/Models/Components/ParcelPaginatedList.cs
  - Shippo/Models/Components/PickupStatus.cs
  - Shippo/Models/Components/Pickup.cs
  - Shippo/Models/Components/BuildingLocationType.cs
  - Shippo/Models/Components/BuildingType.cs
  - Shippo/Models/Components/Location.cs
  - Shippo/Models/Components/PickupBase.cs
  - Shippo/Models/Components/Attributes.cs
  - Shippo/Models/Components/Rate.cs
  - Shippo/Models/Components/ParentServicelevel.cs
  - Shippo/Models/Components/ServiceLevelWithParent.cs
  - Shippo/Models/Components/ResponseMessage.cs
  - Shippo/Models/Components/RatePaginatedList.cs
  - Shippo/Models/Components/RefundStatus.cs
  - Shippo/Models/Components/Refund.cs
  - Shippo/Models/Components/RefundRequestBody.cs
  - Shippo/Models/Components/RefundPaginatedList.cs
  - Shippo/Models/Components/ServiceGroup.cs
  - Shippo/Models/Components/ServiceGroupTypeEnum.cs
  - Shippo/Models/Components/ServiceGroupCreateRequest.cs
  - Shippo/Models/Components/ServiceGroupAccountAndServiceLevel.cs
  - Shippo/Models/Components/ServiceGroupUpdateRequest.cs
  - Shippo/Models/Components/ShipmentPaginatedList.cs
  - Shippo/Models/Components/ShipmentStatus.cs
  - Shippo/Models/Components/Shipment.cs
  - Shippo/Models/Components/Track.cs
  - Shippo/Models/Components/TrackingStatus.cs
  - Shippo/Models/Components/TrackingStatusSubstatus.cs
  - Shippo/Models/Components/TrackingStatusEnum.cs
  - Shippo/Models/Components/TrackingStatusLocationBase.cs
  - Shippo/Models/Components/TracksRequest.cs
  - Shippo/Models/Components/TransactionPaginatedList.cs
  - Shippo/Models/Components/CreatedBy.cs
  - Shippo/Models/Components/TransactionRate.cs
  - Shippo/Models/Components/Transaction.cs
  - Shippo/Models/Components/TransactionStatusEnum.cs
  - Shippo/Models/Components/CoreRate.cs
  - Shippo/Models/Components/TransactionCreateRequest.cs
  - Shippo/Models/Components/LabelFileType.cs
  - Shippo/Models/Components/InstantTransactionCreateRequest.cs
  - Shippo/Models/Components/UserParcelTemplateList.cs
  - Shippo/Models/Components/UserParcelTemplateCreateRequest.cs
  - Shippo/Models/Components/UserParcelTemplateWithCarrierTemplateCreateRequest.cs
  - Shippo/Models/Components/UserParcelTemplateWithoutCarrierTemplateCreateRequest.cs
  - Shippo/Models/Components/UserParcelTemplateUpdateRequest.cs
  - Shippo/Models/Components/ShippoAccountPaginatedList.cs
  - Shippo/Models/Components/ShippoAccount.cs
  - Shippo/Models/Components/ShippoAccountUpdateRequest.cs
  - Shippo/Models/Components/Webhook.cs
  - Shippo/Models/Components/WebhookUpdateRequest.cs
  - Shippo/Models/Components/WebhookEventTypeEnum.cs
  - Shippo/Models/Components/WebhookPaginatedList.cs
  - Shippo/Models/Components/Security.cs
  - Shippo/Models/Components/AddressValidationResultsMessageCodeEnum.cs
  - Shippo/Models/Components/AddressValidationResultsMessageSourceEnum.cs
  - Shippo/Models/Components/ServiceLevel.cs
  - Shippo/Models/Components/ServiceLevelSwyftEnum.cs
  - Shippo/Models/Components/ServiceLevelVehoEnum.cs
  - Shippo/Models/Components/ServiceLevelUDSEnum.cs
  - Shippo/Models/Components/ServiceLevelEvriUKEnum.cs
  - Shippo/Models/Components/ServiceLevelLasershipEnum.cs
  - Shippo/Models/Components/ServiceLevelJitsuEnum.cs
  - Shippo/Models/Components/ServiceLevelOnTracEnum.cs
  - Shippo/Models/Components/ServiceLevelSendleEnum.cs
  - Shippo/Models/Components/ServiceLevelRoyalMailEnum.cs
  - Shippo/Models/Components/ServiceLevelePostGlobalEnum.cs
  - Shippo/Models/Components/ServiceLevelPostItalianeEnum.cs
  - Shippo/Models/Components/ServiceLevelParcelforceEnum.cs
  - Shippo/Models/Components/ServiceLevelMaergoEnum.cs
  - Shippo/Models/Components/ServiceLevelMondialRelayEnum.cs
  - Shippo/Models/Components/ServiceLevelLSOEnum.cs
  - Shippo/Models/Components/ServiceLevelGLSUSEnum.cs
  - Shippo/Models/Components/ServiceLevelGlobegisticsEnum.cs
  - Shippo/Models/Components/ServiceLevelAramexAustraliaEnum.cs
  - Shippo/Models/Components/ServiceLevelDeutschePostEnum.cs
  - Shippo/Models/Components/ServiceLevelDPDUKEnum.cs
  - Shippo/Models/Components/ServiceLevelDPDDEEnum.cs
  - Shippo/Models/Components/ServiceLevelDHLGermanyEnum.cs
  - Shippo/Models/Components/ServiceLevelDHLeCommerceEnum.cs
  - Shippo/Models/Components/ServiceLevelDHLExpressEnum.cs
  - Shippo/Models/Components/ServiceLevelPurolatorEnum.cs
  - Shippo/Models/Components/ServiceLevelColissimoEnum.cs
  - Shippo/Models/Components/ServiceLevelCorreosEspanaEnum.cs
  - Shippo/Models/Components/ServiceLevelCouriersPleaseEnum.cs
  - Shippo/Models/Components/ServiceLevelChronopostEnum.cs
  - Shippo/Models/Components/ServiceLevelCDLEnum.cs
  - Shippo/Models/Components/ServiceLevelCanadaPostEnum.cs
  - Shippo/Models/Components/ServiceLevelBetterTrucksEnum.cs
  - Shippo/Models/Components/ServiceLevelAPGEnum.cs
  - Shippo/Models/Components/ServiceLevelAustraliaPostEnum.cs
  - Shippo/Models/Components/ServiceLevelAsendiaEnum.cs
  - Shippo/Models/Components/ServiceLevelAPCPostalEnum.cs
  - Shippo/Models/Components/ServiceLevelAirterraEnum.cs
  - Shippo/Models/Components/ServiceLevelUPSEnum.cs
  - Shippo/Models/Components/ServiceLevelFedExEnum.cs
  - Shippo/Models/Components/ServiceLevelUSPSEnum.cs
  - Shippo/Models/Components/ServiceLevelEnumSet.cs
  - Shippo/Models/Requests/ListAddressesRequest.cs
  - Shippo/Models/Requests/CreateAddressRequest.cs
  - Shippo/Models/Requests/GetAddressRequest.cs
  - Shippo/Models/Requests/ValidateAddressRequest.cs
  - Shippo/Models/Requests/CreateBatchRequest.cs
  - Shippo/Models/Requests/GetBatchRequest.cs
  - Shippo/Models/Requests/AddShipmentsToBatchRequest.cs
  - Shippo/Models/Requests/PurchaseBatchRequest.cs
  - Shippo/Models/Requests/RemoveShipmentsFromBatchRequest.cs
  - Shippo/Models/Requests/ListCarrierAccountsRequest.cs
  - Shippo/Models/Requests/CreateCarrierAccountRequest.cs
  - Shippo/Models/Requests/GetCarrierAccountRequest.cs
  - Shippo/Models/Requests/UpdateCarrierAccountRequest.cs
  - Shippo/Models/Requests/InitiateOauth2SigninRequest.cs
  - Shippo/Models/Requests/InitiateOauth2SigninResponse.cs
  - Shippo/Models/Requests/RegisterCarrierAccountRequestBody.cs
  - Shippo/Models/Requests/RegisterCarrierAccountRequest.cs
  - Shippo/Models/Requests/Carrier.cs
  - Shippo/Models/Requests/GetCarrierRegistrationStatusRequest.cs
  - Shippo/Models/Requests/ListCustomsDeclarationsRequest.cs
  - Shippo/Models/Requests/CreateCustomsDeclarationRequest.cs
  - Shippo/Models/Requests/GetCustomsDeclarationRequest.cs
  - Shippo/Models/Requests/ListCustomsItemsRequest.cs
  - Shippo/Models/Requests/CreateCustomsItemRequest.cs
  - Shippo/Models/Requests/GetCustomsItemRequest.cs
  - Shippo/Models/Requests/CreateLiveRateRequest.cs
  - Shippo/Models/Requests/GetDefaultParcelTemplateRequest.cs
  - Shippo/Models/Requests/UpdateDefaultParcelTemplateRequest.cs
  - Shippo/Models/Requests/DeleteDefaultParcelTemplateRequest.cs
  - Shippo/Models/Requests/ListManifestsRequest.cs
  - Shippo/Models/Requests/CreateManifestRequest.cs
  - Shippo/Models/Requests/GetManifestRequest.cs
  - Shippo/Models/Requests/ListOrdersRequest.cs
  - Shippo/Models/Requests/CreateOrderRequest.cs
  - Shippo/Models/Requests/GetOrderRequest.cs
  - Shippo/Models/Requests/Include.cs
  - Shippo/Models/Requests/ListCarrierParcelTemplatesRequest.cs
  - Shippo/Models/Requests/GetCarrierParcelTemplateRequest.cs
  - Shippo/Models/Requests/ListParcelsRequest.cs
  - Shippo/Models/Requests/CreateParcelRequestBody.cs
  - Shippo/Models/Requests/CreateParcelRequest.cs
  - Shippo/Models/Requests/GetParcelRequest.cs
  - Shippo/Models/Requests/CreatePickupRequest.cs
  - Shippo/Models/Requests/GetRateRequest.cs
  - Shippo/Models/Requests/ListShipmentRatesRequest.cs
  - Shippo/Models/Requests/ListShipmentRatesByCurrencyCodeRequest.cs
  - Shippo/Models/Requests/CreateRefundRequest.cs
  - Shippo/Models/Requests/ListRefundsRequest.cs
  - Shippo/Models/Requests/GetRefundRequest.cs
  - Shippo/Models/Requests/ListServiceGroupsRequest.cs
  - Shippo/Models/Requests/CreateServiceGroupRequest.cs
  - Shippo/Models/Requests/UpdateServiceGroupRequest.cs
  - Shippo/Models/Requests/DeleteServiceGroupRequest.cs
  - Shippo/Models/Requests/ListShipmentsRequest.cs
  - Shippo/Models/Requests/CreateShipmentRequest.cs
  - Shippo/Models/Requests/GetShipmentRequest.cs
  - Shippo/Models/Requests/CreateTrackRequest.cs
  - Shippo/Models/Requests/GetTrackRequest.cs
  - Shippo/Models/Requests/ListTransactionsRequest.cs
  - Shippo/Models/Requests/CreateTransactionRequestBody.cs
  - Shippo/Models/Requests/CreateTransactionRequest.cs
  - Shippo/Models/Requests/GetTransactionRequest.cs
  - Shippo/Models/Requests/ListUserParcelTemplatesRequest.cs
  - Shippo/Models/Requests/CreateUserParcelTemplateRequest.cs
  - Shippo/Models/Requests/DeleteUserParcelTemplateRequest.cs
  - Shippo/Models/Requests/GetUserParcelTemplateRequest.cs
  - Shippo/Models/Requests/UpdateUserParcelTemplateRequest.cs
  - Shippo/Models/Requests/ListShippoAccountsRequest.cs
  - Shippo/Models/Requests/CreateShippoAccountRequest.cs
  - Shippo/Models/Requests/GetShippoAccountRequest.cs
  - Shippo/Models/Requests/UpdateShippoAccountRequest.cs
  - Shippo/Models/Requests/GetWebhookRequest.cs
  - Shippo/Models/Requests/UpdateWebhookRequest.cs
  - Shippo/Models/Requests/DeleteWebhookRequest.cs
  - Shippo/Models/Errors/InitiateOauth2SigninCarrierAccountsResponseResponseBody.cs
  - Shippo/Models/Errors/InitiateOauth2SigninCarrierAccountsResponseBody.cs
  - Shippo/Models/Errors/InitiateOauth2SigninResponseBody.cs
  - docs/Models/Components/AddressPaginatedList.md
  - docs/Models/Components/Latitude.md
  - docs/Models/Components/Longitude.md
  - docs/Models/Components/Address.md
  - docs/Models/Components/AddressValidationResults.md
  - docs/Models/Components/AddressValidationResultsMessage.md
  - docs/Models/Components/AddressCreateRequest.md
  - docs/Models/Components/ObjectResults.md
  - docs/Models/Components/BatchStatus.md
  - docs/Models/Components/Batch.md
  - docs/Models/Components/BatchShipmentPaginatedList.md
  - docs/Models/Components/Status.md
  - docs/Models/Components/BatchShipment.md
  - docs/Models/Components/LabelFileTypeEnum.md
  - docs/Models/Components/BatchCreateRequest.md
  - docs/Models/Components/BatchShipmentCreateRequest.md
  - docs/Models/Components/AddressFrom.md
  - docs/Models/Components/AddressReturn.md
  - docs/Models/Components/AddressTo.md
  - docs/Models/Components/ShipmentCreateRequestCustomsDeclaration.md
  - docs/Models/Components/Parcels.md
  - docs/Models/Components/ShipmentCreateRequest.md
  - docs/Models/Components/ParcelCreateRequest.md
  - docs/Models/Components/DistanceUnitEnum.md
  - docs/Models/Components/WeightUnitEnum.md
  - docs/Models/Components/ParcelExtra.md
  - docs/Models/Components/ParcelInsuranceProvider.md
  - docs/Models/Components/ParcelInsurance.md
  - docs/Models/Components/PaymentMethod.md
  - docs/Models/Components/Cod.md
  - docs/Models/Components/ParcelCreateFromTemplateRequest.md
  - docs/Models/Components/AramexAustraliaParcelTemplate.md
  - docs/Models/Components/CouriersPleaseParcelTemplate.md
  - docs/Models/Components/DPDUKParcelTemplate.md
  - docs/Models/Components/DHLECommerceParcelTemplate.md
  - docs/Models/Components/USPSParcelTemplate.md
  - docs/Models/Components/UPSParcelTemplate.md
  - docs/Models/Components/FedExParcelTemplate.md
  - docs/Models/Components/ParcelTemplateEnumSet.md
  - docs/Models/Components/CustomsDeclarationCreateRequest.md
  - docs/Models/Components/CustomsDeclarationNonDeliveryOptionEnum.md
  - docs/Models/Components/CustomsItemCreateRequest.md
  - docs/Models/Components/CustomsDeclarationIncotermEnum.md
  - docs/Models/Components/CustomsDeclarationEelPfcEnum.md
  - docs/Models/Components/CustomsDeclarationContentsTypeEnum.md
  - docs/Models/Components/AddressImporter.md
  - docs/Models/Components/CustomsExporterIdentification.md
  - docs/Models/Components/CustomsTaxIdentificationType.md
  - docs/Models/Components/CustomsTaxIdentification.md
  - docs/Models/Components/CustomsDeclarationB13AFilingOptionEnum.md
  - docs/Models/Components/AncillaryEndorsement.md
  - docs/Models/Components/DangerousGoodsCode.md
  - docs/Models/Components/PreferredDeliveryTimeframe.md
  - docs/Models/Components/ReturnServiceType.md
  - docs/Models/Components/SignatureConfirmation.md
  - docs/Models/Components/ShipmentExtra.md
  - docs/Models/Components/UPSReferenceFields.md
  - docs/Models/Components/RmaNumber.md
  - docs/Models/Components/ShipmentExtraReturnServiceTypeUPSEnum.md
  - docs/Models/Components/ShipmentExtraReturnServiceTypeLasershipEnum.md
  - docs/Models/Components/PoNumber.md
  - docs/Models/Components/ShipmentExtraLasershipAttributesEnum.md
  - docs/Models/Components/InvoiceNumber.md
  - docs/Models/Components/Provider.md
  - docs/Models/Components/Insurance.md
  - docs/Models/Components/DryIce.md
  - docs/Models/Components/DepartmentNumber.md
  - docs/Models/Components/DangerousGoodsObject.md
  - docs/Models/Components/DangerousGoodsLithiumBatteries.md
  - docs/Models/Components/DangerousGoodsBiologicalMaterial.md
  - docs/Models/Components/CustomerReference.md
  - docs/Models/Components/Type.md
  - docs/Models/Components/Billing.md
  - docs/Models/Components/RecipientType.md
  - docs/Models/Components/Alcohol.md
  - docs/Models/Components/CarrierAccountPaginatedList.md
  - docs/Models/Components/Parameters.md
  - docs/Models/Components/CarrierAccountWithExtraInfoType.md
  - docs/Models/Components/CarrierAccountWithExtraInfoStatus.md
  - docs/Models/Components/Authentication.md
  - docs/Models/Components/ObjectInfo.md
  - docs/Models/Components/CarrierAccountWithExtraInfo.md
  - docs/Models/Components/CarrierAccountServiceLevel.md
  - docs/Models/Components/FedExConnectExistingOwnAccountParameters.md
  - docs/Models/Components/UPSConnectExistingOwnAccountParameters.md
  - docs/Models/Components/CarriersEnum.md
  - docs/Models/Components/CarrierAccountParameters.md
  - docs/Models/Components/CarrierAccount.md
  - docs/Models/Components/ConnectExistingOwnAccountRequestParameters.md
  - docs/Models/Components/ConnectExistingOwnAccountRequest.md
  - docs/Models/Components/CarrierAccountBaseParameters.md
  - docs/Models/Components/CarrierAccountBase.md
  - docs/Models/Components/CarrierAccountCanadaPostCreateRequest.md
  - docs/Models/Components/CarrierAccountCanadaPostCreateParameters.md
  - docs/Models/Components/CarrierAccountChronopostCreateRequestParameters.md
  - docs/Models/Components/CarrierAccountChronopostCreateRequest.md
  - docs/Models/Components/CarrierAccountColissimoCreateRequestParameters.md
  - docs/Models/Components/CarrierAccountColissimoCreateRequest.md
  - docs/Models/Components/CarrierAccountCorreosCreateRequestParameters.md
  - docs/Models/Components/CarrierAccountCorreosCreateRequest.md
  - docs/Models/Components/CarrierAccountDeutschePostCreateRequestParameters.md
  - docs/Models/Components/CarrierAccountDeutschePostCreateRequest.md
  - docs/Models/Components/CarrierAccountDHLExpressCreateRequest.md
  - docs/Models/Components/CarrierAccountDHLExpressCreateRequestParameters.md
  - docs/Models/Components/CarrierAccountDpdDeCreateRequestParameters.md
  - docs/Models/Components/CarrierAccountDpdDeCreateRequest.md
  - docs/Models/Components/CarrierAccountDPDUKCreateRequestParameters.md
  - docs/Models/Components/CarrierAccountDPDUKCreateRequest.md
  - docs/Models/Components/CarrierAccountFedExCreateRequestParameters.md
  - docs/Models/Components/CarrierAccountFedExCreateRequest.md
  - docs/Models/Components/CarrierAccountHermesUKCreateRequestParameters.md
  - docs/Models/Components/CarrierAccountHermesUKCreateRequest.md
  - docs/Models/Components/CarrierAccountMondialRelayCreateRequestParameters.md
  - docs/Models/Components/CarrierAccountMondialRelayCreateRequest.md
  - docs/Models/Components/CarrierAccountPosteItalianeCreateRequestParameters.md
  - docs/Models/Components/CarrierAccountPosteItalianeCreateRequest.md
  - docs/Models/Components/CarrierAccountUPSCreateRequest.md
  - docs/Models/Components/CarrierAccountUPSCreateRequestParameters.md
  - docs/Models/Components/CarrierAccountUSPSCreateRequestParameters.md
  - docs/Models/Components/CarrierAccountUSPSCreateRequest.md
  - docs/Models/Components/CarrierAccountRegistrationStatus.md
  - docs/Models/Components/CustomsDeclarationPaginatedList.md
  - docs/Models/Components/CustomsDeclaration.md
  - docs/Models/Components/ObjectStateEnum.md
  - docs/Models/Components/CustomsInvoicedCharges.md
  - docs/Models/Components/CustomsItemPaginatedList.md
  - docs/Models/Components/CustomsItem.md
  - docs/Models/Components/LiveRatePaginatedList.md
  - docs/Models/Components/LiveRate.md
  - docs/Models/Components/LiveRateCreateRequestAddressFrom.md
  - docs/Models/Components/LiveRateCreateRequestAddressTo.md
  - docs/Models/Components/LiveRateCreateRequestParcel.md
  - docs/Models/Components/LiveRateCreateRequest.md
  - docs/Models/Components/ObjectState.md
  - docs/Models/Components/Parcel.md
  - docs/Models/Components/LineItem.md
  - docs/Models/Components/AddressCompleteCreateRequest.md
  - docs/Models/Components/DefaultParcelTemplate.md
  - docs/Models/Components/UserParcelTemplate.md
  - docs/Models/Components/CarrierParcelTemplate.md
  - docs/Models/Components/DefaultParcelTemplateUpdateRequest.md
  - docs/Models/Components/ManifestPaginatedList.md
  - docs/Models/Components/ManifestStatus.md
  - docs/Models/Components/Manifest.md
  - docs/Models/Components/ManifestCreateRequestAddressFrom.md
  - docs/Models/Components/ManifestCreateRequest.md
  - docs/Models/Components/OrderPaginatedList.md
  - docs/Models/Components/ShopApp.md
  - docs/Models/Components/Order.md
  - docs/Models/Components/OrderStatusEnum.md
  - docs/Models/Components/OrderCreateRequest.md
  - docs/Models/Components/LineItemBase.md
  - docs/Models/Components/CarrierParcelTemplateList.md
  - docs/Models/Components/ParcelPaginatedList.md
  - docs/Models/Components/PickupStatus.md
  - docs/Models/Components/Pickup.md
  - docs/Models/Components/BuildingLocationType.md
  - docs/Models/Components/BuildingType.md
  - docs/Models/Components/Location.md
  - docs/Models/Components/PickupBase.md
  - docs/Models/Components/Attributes.md
  - docs/Models/Components/Rate.md
  - docs/Models/Components/ParentServicelevel.md
  - docs/Models/Components/ServiceLevelWithParent.md
  - docs/Models/Components/ResponseMessage.md
  - docs/Models/Components/RatePaginatedList.md
  - docs/Models/Components/RefundStatus.md
  - docs/Models/Components/Refund.md
  - docs/Models/Components/RefundRequestBody.md
  - docs/Models/Components/RefundPaginatedList.md
  - docs/Models/Components/ServiceGroup.md
  - docs/Models/Components/ServiceGroupTypeEnum.md
  - docs/Models/Components/ServiceGroupCreateRequest.md
  - docs/Models/Components/ServiceGroupAccountAndServiceLevel.md
  - docs/Models/Components/ServiceGroupUpdateRequest.md
  - docs/Models/Components/ShipmentPaginatedList.md
  - docs/Models/Components/ShipmentStatus.md
  - docs/Models/Components/Shipment.md
  - docs/Models/Components/Track.md
  - docs/Models/Components/TrackingStatus.md
  - docs/Models/Components/TrackingStatusSubstatus.md
  - docs/Models/Components/TrackingStatusEnum.md
  - docs/Models/Components/TrackingStatusLocationBase.md
  - docs/Models/Components/TracksRequest.md
  - docs/Models/Components/TransactionPaginatedList.md
  - docs/Models/Components/CreatedBy.md
  - docs/Models/Components/TransactionRate.md
  - docs/Models/Components/Transaction.md
  - docs/Models/Components/TransactionStatusEnum.md
  - docs/Models/Components/CoreRate.md
  - docs/Models/Components/TransactionCreateRequest.md
  - docs/Models/Components/LabelFileType.md
  - docs/Models/Components/InstantTransactionCreateRequest.md
  - docs/Models/Components/UserParcelTemplateList.md
  - docs/Models/Components/UserParcelTemplateCreateRequest.md
  - docs/Models/Components/UserParcelTemplateWithCarrierTemplateCreateRequest.md
  - docs/Models/Components/UserParcelTemplateWithoutCarrierTemplateCreateRequest.md
  - docs/Models/Components/UserParcelTemplateUpdateRequest.md
  - docs/Models/Components/ShippoAccountPaginatedList.md
  - docs/Models/Components/ShippoAccount.md
  - docs/Models/Components/ShippoAccountUpdateRequest.md
  - docs/Models/Components/Webhook.md
  - docs/Models/Components/WebhookUpdateRequest.md
  - docs/Models/Components/WebhookEventTypeEnum.md
  - docs/Models/Components/WebhookPaginatedList.md
  - docs/Models/Components/Security.md
  - docs/Models/Components/AddressValidationResultsMessageCodeEnum.md
  - docs/Models/Components/AddressValidationResultsMessageSourceEnum.md
  - docs/Models/Components/ServiceLevel.md
  - docs/Models/Components/ServiceLevelSwyftEnum.md
  - docs/Models/Components/ServiceLevelVehoEnum.md
  - docs/Models/Components/ServiceLevelUDSEnum.md
  - docs/Models/Components/ServiceLevelEvriUKEnum.md
  - docs/Models/Components/ServiceLevelLasershipEnum.md
  - docs/Models/Components/ServiceLevelJitsuEnum.md
  - docs/Models/Components/ServiceLevelOnTracEnum.md
  - docs/Models/Components/ServiceLevelSendleEnum.md
  - docs/Models/Components/ServiceLevelRoyalMailEnum.md
  - docs/Models/Components/ServiceLevelePostGlobalEnum.md
  - docs/Models/Components/ServiceLevelPostItalianeEnum.md
  - docs/Models/Components/ServiceLevelParcelforceEnum.md
  - docs/Models/Components/ServiceLevelMaergoEnum.md
  - docs/Models/Components/ServiceLevelMondialRelayEnum.md
  - docs/Models/Components/ServiceLevelLSOEnum.md
  - docs/Models/Components/ServiceLevelGLSUSEnum.md
  - docs/Models/Components/ServiceLevelGlobegisticsEnum.md
  - docs/Models/Components/ServiceLevelAramexAustraliaEnum.md
  - docs/Models/Components/ServiceLevelDeutschePostEnum.md
  - docs/Models/Components/ServiceLevelDPDUKEnum.md
  - docs/Models/Components/ServiceLevelDPDDEEnum.md
  - docs/Models/Components/ServiceLevelDHLGermanyEnum.md
  - docs/Models/Components/ServiceLevelDHLeCommerceEnum.md
  - docs/Models/Components/ServiceLevelDHLExpressEnum.md
  - docs/Models/Components/ServiceLevelPurolatorEnum.md
  - docs/Models/Components/ServiceLevelColissimoEnum.md
  - docs/Models/Components/ServiceLevelCorreosEspanaEnum.md
  - docs/Models/Components/ServiceLevelCouriersPleaseEnum.md
  - docs/Models/Components/ServiceLevelChronopostEnum.md
  - docs/Models/Components/ServiceLevelCDLEnum.md
  - docs/Models/Components/ServiceLevelCanadaPostEnum.md
  - docs/Models/Components/ServiceLevelBetterTrucksEnum.md
  - docs/Models/Components/ServiceLevelAPGEnum.md
  - docs/Models/Components/ServiceLevelAustraliaPostEnum.md
  - docs/Models/Components/ServiceLevelAsendiaEnum.md
  - docs/Models/Components/ServiceLevelAPCPostalEnum.md
  - docs/Models/Components/ServiceLevelAirterraEnum.md
  - docs/Models/Components/ServiceLevelUPSEnum.md
  - docs/Models/Components/ServiceLevelFedExEnum.md
  - docs/Models/Components/ServiceLevelUSPSEnum.md
  - docs/Models/Components/ServiceLevelEnumSet.md
  - docs/Models/Requests/ListAddressesRequest.md
  - docs/Models/Requests/CreateAddressRequest.md
  - docs/Models/Requests/GetAddressRequest.md
  - docs/Models/Requests/ValidateAddressRequest.md
  - docs/Models/Requests/CreateBatchRequest.md
  - docs/Models/Requests/GetBatchRequest.md
  - docs/Models/Requests/AddShipmentsToBatchRequest.md
  - docs/Models/Requests/PurchaseBatchRequest.md
  - docs/Models/Requests/RemoveShipmentsFromBatchRequest.md
  - docs/Models/Requests/ListCarrierAccountsRequest.md
  - docs/Models/Requests/CreateCarrierAccountRequest.md
  - docs/Models/Requests/GetCarrierAccountRequest.md
  - docs/Models/Requests/UpdateCarrierAccountRequest.md
  - docs/Models/Requests/InitiateOauth2SigninRequest.md
  - docs/Models/Requests/InitiateOauth2SigninResponse.md
  - docs/Models/Requests/RegisterCarrierAccountRequestBody.md
  - docs/Models/Requests/RegisterCarrierAccountRequest.md
  - docs/Models/Requests/Carrier.md
  - docs/Models/Requests/GetCarrierRegistrationStatusRequest.md
  - docs/Models/Requests/ListCustomsDeclarationsRequest.md
  - docs/Models/Requests/CreateCustomsDeclarationRequest.md
  - docs/Models/Requests/GetCustomsDeclarationRequest.md
  - docs/Models/Requests/ListCustomsItemsRequest.md
  - docs/Models/Requests/CreateCustomsItemRequest.md
  - docs/Models/Requests/GetCustomsItemRequest.md
  - docs/Models/Requests/CreateLiveRateRequest.md
  - docs/Models/Requests/GetDefaultParcelTemplateRequest.md
  - docs/Models/Requests/UpdateDefaultParcelTemplateRequest.md
  - docs/Models/Requests/DeleteDefaultParcelTemplateRequest.md
  - docs/Models/Requests/ListManifestsRequest.md
  - docs/Models/Requests/CreateManifestRequest.md
  - docs/Models/Requests/GetManifestRequest.md
  - docs/Models/Requests/ListOrdersRequest.md
  - docs/Models/Requests/CreateOrderRequest.md
  - docs/Models/Requests/GetOrderRequest.md
  - docs/Models/Requests/Include.md
  - docs/Models/Requests/ListCarrierParcelTemplatesRequest.md
  - docs/Models/Requests/GetCarrierParcelTemplateRequest.md
  - docs/Models/Requests/ListParcelsRequest.md
  - docs/Models/Requests/CreateParcelRequestBody.md
  - docs/Models/Requests/CreateParcelRequest.md
  - docs/Models/Requests/GetParcelRequest.md
  - docs/Models/Requests/CreatePickupRequest.md
  - docs/Models/Requests/GetRateRequest.md
  - docs/Models/Requests/ListShipmentRatesRequest.md
  - docs/Models/Requests/ListShipmentRatesByCurrencyCodeRequest.md
  - docs/Models/Requests/CreateRefundRequest.md
  - docs/Models/Requests/ListRefundsRequest.md
  - docs/Models/Requests/GetRefundRequest.md
  - docs/Models/Requests/ListServiceGroupsRequest.md
  - docs/Models/Requests/CreateServiceGroupRequest.md
  - docs/Models/Requests/UpdateServiceGroupRequest.md
  - docs/Models/Requests/DeleteServiceGroupRequest.md
  - docs/Models/Requests/ListShipmentsRequest.md
  - docs/Models/Requests/CreateShipmentRequest.md
  - docs/Models/Requests/GetShipmentRequest.md
  - docs/Models/Requests/CreateTrackRequest.md
  - docs/Models/Requests/GetTrackRequest.md
  - docs/Models/Requests/ListTransactionsRequest.md
  - docs/Models/Requests/CreateTransactionRequestBody.md
  - docs/Models/Requests/CreateTransactionRequest.md
  - docs/Models/Requests/GetTransactionRequest.md
  - docs/Models/Requests/ListUserParcelTemplatesRequest.md
  - docs/Models/Requests/CreateUserParcelTemplateRequest.md
  - docs/Models/Requests/DeleteUserParcelTemplateRequest.md
  - docs/Models/Requests/GetUserParcelTemplateRequest.md
  - docs/Models/Requests/UpdateUserParcelTemplateRequest.md
  - docs/Models/Requests/ListShippoAccountsRequest.md
  - docs/Models/Requests/CreateShippoAccountRequest.md
  - docs/Models/Requests/GetShippoAccountRequest.md
  - docs/Models/Requests/UpdateShippoAccountRequest.md
  - docs/Models/Requests/GetWebhookRequest.md
  - docs/Models/Requests/UpdateWebhookRequest.md
  - docs/Models/Requests/DeleteWebhookRequest.md
  - docs/Models/Errors/InitiateOauth2SigninCarrierAccountsResponseResponseBody.md
  - docs/Models/Errors/InitiateOauth2SigninCarrierAccountsResponseBody.md
  - docs/Models/Errors/InitiateOauth2SigninResponseBody.md
  - docs/sdks/shipposdk/README.md
  - docs/sdks/addresses/README.md
  - docs/sdks/batches/README.md
  - docs/sdks/carrieraccounts/README.md
  - docs/sdks/customsdeclarations/README.md
  - docs/sdks/customsitems/README.md
  - docs/sdks/ratesatcheckout/README.md
  - docs/sdks/manifests/README.md
  - docs/sdks/orders/README.md
  - docs/sdks/carrierparceltemplates/README.md
  - docs/sdks/parcels/README.md
  - docs/sdks/pickups/README.md
  - docs/sdks/rates/README.md
  - docs/sdks/refunds/README.md
  - docs/sdks/servicegroups/README.md
  - docs/sdks/shipments/README.md
  - docs/sdks/trackingstatus/README.md
  - docs/sdks/transactions/README.md
  - docs/sdks/userparceltemplates/README.md
  - docs/sdks/shippoaccounts/README.md
  - docs/sdks/webhooks/README.md
  - NUGET.md
  - USAGE.md
  - .gitattributes
  - Shippo/Hooks/SDKHooks.cs
  - Shippo/Hooks/HookTypes.cs
