speakeasyVersion: 1.308.1
sources:
    openapi:
        sourceNamespace: openapi
        sourceRevisionDigest: sha256:24023e4f7118094d28c6a6174c96fe013f247f2e323517799ac26ed3dd72c741
        sourceBlobDigest: sha256:a14a068b9abb24cd3964300c40eb0bcd5d0eceb355e026133d83f5ff01779b80
        tags:
            - latest
            - main
targets:
    csharp:
        source: openapi
        sourceNamespace: openapi
        sourceRevisionDigest: sha256:24023e4f7118094d28c6a6174c96fe013f247f2e323517799ac26ed3dd72c741
        sourceBlobDigest: sha256:a14a068b9abb24cd3964300c40eb0bcd5d0eceb355e026133d83f5ff01779b80
        outLocation: /github/workspace/repo
workflow:
    workflowVersion: 1.0.0
    speakeasyVersion: latest
    sources:
        openapi:
            inputs:
                - location: https://docs.goshippo.com/spec/shippoapi/public-api.yaml
            registry:
                location: registry.speakeasyapi.dev/shippo/shippo/openapi
    targets:
        csharp:
            target: csharp
            source: openapi
            publish:
                nuget:
                    apiKey: $nuget_api_key
