speakeasyVersion: 1.493.0
sources:
    openapi:
        sourceNamespace: openapi
        sourceRevisionDigest: sha256:663e412956f56c8132a280ecd531312f7c5829f225eadc130b815e8241b2c45c
        sourceBlobDigest: sha256:75b0171742763422c056e7e3f421f9453b761cb4fd207c33c526bd560870f380
        tags:
            - latest
            - speakeasy-sdk-regen-1733098817
            - "2018-02-08"
targets:
    csharp:
        source: openapi
        sourceNamespace: openapi
        sourceRevisionDigest: sha256:663e412956f56c8132a280ecd531312f7c5829f225eadc130b815e8241b2c45c
        sourceBlobDigest: sha256:75b0171742763422c056e7e3f421f9453b761cb4fd207c33c526bd560870f380
        codeSamplesNamespace: openapi-csharp-code-samples
        codeSamplesRevisionDigest: sha256:e192b02685069dce67c18c3979c797fc2e247626f32d4f6bb747f8973e229d26
workflow:
    workflowVersion: 1.0.0
    speakeasyVersion: latest
    sources:
        openapi:
            inputs:
                - location: https://docs.goshippo.com/spec/shippoapi/public-api.yaml
            registry:
                location: registry.speakeasyapi.dev/shippo/shippo/openapi
    targets:
        csharp:
            target: csharp
            source: openapi
            publish:
                nuget:
                    apiKey: $nuget_api_key
            codeSamples:
                registry:
                    location: registry.speakeasyapi.dev/shippo/shippo/openapi-csharp-code-samples
                blocking: false
