speakeasyVersion: 1.300.1
sources:
    openapi:
        sourceNamespace: openapi
        sourceRevisionDigest: sha256:b9edc3a83d619350da5caf82f35d996554d04a459fcf497193853c88b5d18cc2
        sourceBlobDigest: sha256:cd8eceda62fcaf9ab122b31caa40ef92b5914431c6678b5625524e9ae16eb03c
        tags:
            - latest
            - main
targets:
    csharp:
        source: openapi
        sourceNamespace: openapi
        sourceRevisionDigest: sha256:b9edc3a83d619350da5caf82f35d996554d04a459fcf497193853c88b5d18cc2
        sourceBlobDigest: sha256:cd8eceda62fcaf9ab122b31caa40ef92b5914431c6678b5625524e9ae16eb03c
        outLocation: /github/workspace/repo
workflow:
    workflowVersion: 1.0.0
    speakeasyVersion: latest
    sources:
        openapi:
            inputs:
                - location: https://docs.goshippo.com/spec/shippoapi/public-api.yaml
            registry:
                location: registry.speakeasyapi.dev/shippo/shippo/openapi
    targets:
        csharp:
            target: csharp
            source: openapi
            publish:
                nuget:
                    apiKey: $nuget_api_key
